// !$*UTF8*$!
{
	archiveVersion = 1;
	classes = {
	};
	objectVersion = 50;
	objects = {

/* Begin PBXBuildFile section */
		C027DDE924C0147300784498 /* Menu.cpp in Sources */ = {isa = PBXBuildFile; fileRef = C027DDE824C0147300784498 /* Menu.cpp */; };
		C027DDEC24C014BD00784498 /* Parking.cpp in Sources */ = {isa = PBXBuildFile; fileRef = C027DDEB24C014BD00784498 /* Parking.cpp */; };
		C027DDEF24C014FB00784498 /* Utils.cpp in Sources */ = {isa = PBXBuildFile; fileRef = C027DDEE24C014FB00784498 /* Utils.cpp */; };
		C027DDF224C015F000784498 /* ms2_ParkingApp.cpp in Sources */ = {isa = PBXBuildFile; fileRef = C027DDF124C015F000784498 /* ms2_ParkingApp.cpp */; };
/* End PBXBuildFile section */

/* Begin PBXCopyFilesBuildPhase section */
		C027DDDC24C0136500784498 /* CopyFiles */ = {
			isa = PBXCopyFilesBuildPhase;
			buildActionMask = 2147483647;
			dstPath = /usr/share/man/man1/;
			dstSubfolderSpec = 0;
			files = (
			);
			runOnlyForDeploymentPostprocessing = 1;
		};
/* End PBXCopyFilesBuildPhase section */

/* Begin PBXFileReference section */
		C027DDDE24C0136500784498 /* MS2 */ = {isa = PBXFileReference; explicitFileType = "compiled.mach-o.executable"; includeInIndex = 0; path = MS2; sourceTree = BUILT_PRODUCTS_DIR; };
		C027DDE824C0147300784498 /* Menu.cpp */ = {isa = PBXFileReference; fileEncoding = 4; lastKnownFileType = sourcecode.cpp.cpp; name = Menu.cpp; path = "../../../BTP-Project-master/MS2/Menu.cpp"; sourceTree = "<group>"; };
		C027DDEA24C0149B00784498 /* Menu.h */ = {isa = PBXFileReference; fileEncoding = 4; lastKnownFileType = sourcecode.c.h; name = Menu.h; path = "../../../BTP-Project-master/MS2/Menu.h"; sourceTree = "<group>"; };
		C027DDEB24C014BD00784498 /* Parking.cpp */ = {isa = PBXFileReference; fileEncoding = 4; lastKnownFileType = sourcecode.cpp.cpp; name = Parking.cpp; path = "../../../BTP-Project-master/MS2/Parking.cpp"; sourceTree = "<group>"; };
		C027DDED24C014DD00784498 /* Parking.h */ = {isa = PBXFileReference; fileEncoding = 4; lastKnownFileType = sourcecode.c.h; name = Parking.h; path = "../../../BTP-Project-master/MS2/Parking.h"; sourceTree = "<group>"; };
		C027DDEE24C014FB00784498 /* Utils.cpp */ = {isa = PBXFileReference; fileEncoding = 4; lastKnownFileType = sourcecode.cpp.cpp; name = Utils.cpp; path = "../../../BTP-Project-master/MS2/Utils.cpp"; sourceTree = "<group>"; };
		C027DDF024C0150E00784498 /* Utils.h */ = {isa = PBXFileReference; fileEncoding = 4; lastKnownFileType = sourcecode.c.h; name = Utils.h; path = "../../../BTP-Project-master/MS2/Utils.h"; sourceTree = "<group>"; };
		C027DDF124C015F000784498 /* ms2_ParkingApp.cpp */ = {isa = PBXFileReference; lastKnownFileType = sourcecode.cpp.cpp; path = ms2_ParkingApp.cpp; sourceTree = "<group>"; };
/* End PBXFileReference section */

/* Begin PBXFrameworksBuildPhase section */
		C027DDDB24C0136500784498 /* Frameworks */ = {
			isa = PBXFrameworksBuildPhase;
			buildActionMask = 2147483647;
			files = (
			);
			runOnlyForDeploymentPostprocessing = 0;
		};
/* End PBXFrameworksBuildPhase section */

/* Begin PBXGroup section */
		C027DDD524C0136500784498 = {
			isa = PBXGroup;
			children = (
				C027DDE024C0136500784498 /* MS2 */,
				C027DDDF24C0136500784498 /* Products */,
			);
			sourceTree = "<group>";
		};
		C027DDDF24C0136500784498 /* Products */ = {
			isa = PBXGroup;
			children = (
				C027DDDE24C0136500784498 /* MS2 */,
			);
			name = Products;
			sourceTree = "<group>";
		};
		C027DDE024C0136500784498 /* MS2 */ = {
			isa = PBXGroup;
			children = (
				C027DDEA24C0149B00784498 /* Menu.h */,
				C027DDE824C0147300784498 /* Menu.cpp */,
				C027DDEB24C014BD00784498 /* Parking.cpp */,
				C027DDED24C014DD00784498 /* Parking.h */,
				C027DDEE24C014FB00784498 /* Utils.cpp */,
				C027DDF024C0150E00784498 /* Utils.h */,
				C027DDF124C015F000784498 /* ms2_ParkingApp.cpp */,
			);
			path = MS2;
			sourceTree = "<group>";
		};
/* End PBXGroup section */

/* Begin PBXNativeTarget section */
		C027DDDD24C0136500784498 /* MS2 */ = {
			isa = PBXNativeTarget;
			buildConfigurationList = C027DDE524C0136500784498 /* Build configuration list for PBXNativeTarget "MS2" */;
			buildPhases = (
				C027DDDA24C0136500784498 /* Sources */,
				C027DDDB24C0136500784498 /* Frameworks */,
				C027DDDC24C0136500784498 /* CopyFiles */,
			);
			buildRules = (
			);
			dependencies = (
			);
			name = MS2;
			productName = MS2;
			productReference = C027DDDE24C0136500784498 /* MS2 */;
			productType = "com.apple.product-type.tool";
		};
/* End PBXNativeTarget section */

/* Begin PBXProject section */
		C027DDD624C0136500784498 /* Project object */ = {
			isa = PBXProject;
			attributes = {
				LastUpgradeCheck = 1150;
				ORGANIZATIONNAME = "Atif Hammud Ali";
				TargetAttributes = {
					C027DDDD24C0136500784498 = {
						CreatedOnToolsVersion = 11.5;
					};
				};
			};
			buildConfigurationList = C027DDD924C0136500784498 /* Build configuration list for PBXProject "MS2" */;
			compatibilityVersion = "Xcode 9.3";
			developmentRegion = en;
			hasScannedForEncodings = 0;
			knownRegions = (
				en,
				Base,
			);
			mainGroup = C027DDD524C0136500784498;
			productRefGroup = C027DDDF24C0136500784498 /* Products */;
			projectDirPath = "";
			projectRoot = "";
			targets = (
				C027DDDD24C0136500784498 /* MS2 */,
			);
		};
/* End PBXProject section */

/* Begin PBXSourcesBuildPhase section */
		C027DDDA24C0136500784498 /* Sources */ = {
			isa = PBXSourcesBuildPhase;
			buildActionMask = 2147483647;
			files = (
				C027DDEC24C014BD00784498 /* Parking.cpp in Sources */,
				C027DDF224C015F000784498 /* ms2_ParkingApp.cpp in Sources */,
				C027DDEF24C014FB00784498 /* Utils.cpp in Sources */,
				C027DDE924C0147300784498 /* Menu.cpp in Sources */,
			);
			runOnlyForDeploymentPostprocessing = 0;
		};
/* End PBXSourcesBuildPhase section */

/* Begin XCBuildConfiguration section */
		C027DDE324C0136500784498 /* Debug */ = {
			isa = XCBuildConfiguration;
			buildSettings = {
				ALWAYS_SEARCH_USER_PATHS = NO;
				CLANG_ANALYZER_NONNULL = YES;
				CLANG_ANALYZER_NUMBER_OBJECT_CONVERSION = YES_AGGRESSIVE;
				CLANG_CXX_LANGUAGE_STANDARD = "gnu++14";
				CLANG_CXX_LIBRARY = "libc++";
				CLANG_ENABLE_MODULES = YES;
				CLANG_ENABLE_OBJC_ARC = YES;
				CLANG_ENABLE_OBJC_WEAK = YES;
				CLANG_WARN_BLOCK_CAPTURE_AUTORELEASING = YES;
				CLANG_WARN_BOOL_CONVERSION = YES;
				CLANG_WARN_COMMA = YES;
				CLANG_WARN_CONSTANT_CONVERSION = YES;
				CLANG_WARN_DEPRECATED_OBJC_IMPLEMENTATIONS = YES;
				CLANG_WARN_DIRECT_OBJC_ISA_USAGE = YES_ERROR;
				CLANG_WARN_DOCUMENTATION_COMMENTS = YES;
				CLANG_WARN_EMPTY_BODY = YES;
				CLANG_WARN_ENUM_CONVERSION = YES;
				CLANG_WARN_INFINITE_RECURSION = YES;
				CLANG_WARN_INT_CONVERSION = YES;
				CLANG_WARN_NON_LITERAL_NULL_CONVERSION = YES;
				CLANG_WARN_OBJC_IMPLICIT_RETAIN_SELF = YES;
				CLANG_WARN_OBJC_LITERAL_CONVERSION = YES;
				CLANG_WARN_OBJC_ROOT_CLASS = YES_ERROR;
				CLANG_WARN_RANGE_LOOP_ANALYSIS = YES;
				CLANG_WARN_STRICT_PROTOTYPES = YES;
				CLANG_WARN_SUSPICIOUS_MOVE = YES;
				CLANG_WARN_UNGUARDED_AVAILABILITY = YES_AGGRESSIVE;
				CLANG_WARN_UNREACHABLE_CODE = YES;
				CLANG_WARN__DUPLICATE_METHOD_MATCH = YES;
				COPY_PHASE_STRIP = NO;
				DEBUG_INFORMATION_FORMAT = dwarf;
				ENABLE_STRICT_OBJC_MSGSEND = YES;
				ENABLE_TESTABILITY = YES;
				GCC_C_LANGUAGE_STANDARD = gnu11;
				GCC_DYNAMIC_NO_PIC = NO;
				GCC_NO_COMMON_BLOCKS = YES;
				GCC_OPTIMIZATION_LEVEL = 0;
				GCC_PREPROCESSOR_DEFINITIONS = (
					"DEBUG=1",
					"$(inherited)",
				);
				GCC_WARN_64_TO_32_BIT_CONVERSION = YES;
				GCC_WARN_ABOUT_RETURN_TYPE = YES_ERROR;
				GCC_WARN_UNDECLARED_SELECTOR = YES;
				GCC_WARN_UNINITIALIZED_AUTOS = YES_AGGRESSIVE;
				GCC_WARN_UNUSED_FUNCTION = YES;
				GCC_WARN_UNUSED_VARIABLE = YES;
				MACOSX_DEPLOYMENT_TARGET = 10.15;
				MTL_ENABLE_DEBUG_INFO = INCLUDE_SOURCE;
				MTL_FAST_MATH = YES;
				ONLY_ACTIVE_ARCH = YES;
				SDKROOT = macosx;
			};
			name = Debug;
		};
		C027DDE424C0136500784498 /* Release */ = {
			isa = XCBuildConfiguration;
			buildSettings = {
				ALWAYS_SEARCH_USER_PATHS = NO;
				CLANG_ANALYZER_NONNULL = YES;
				CLANG_ANALYZER_NUMBER_OBJECT_CONVERSION = YES_AGGRESSIVE;
				CLANG_CXX_LANGUAGE_STANDARD = "gnu++14";
				CLANG_CXX_LIBRARY = "libc++";
				CLANG_ENABLE_MODULES = YES;
				CLANG_ENABLE_OBJC_ARC = YES;
				CLANG_ENABLE_OBJC_WEAK = YES;
				CLANG_WARN_BLOCK_CAPTURE_AUTORELEASING = YES;
				CLANG_WARN_BOOL_CONVERSION = YES;
				CLANG_WARN_COMMA = YES;
				CLANG_WARN_CONSTANT_CONVERSION = YES;
				CLANG_WARN_DEPRECATED_OBJC_IMPLEMENTATIONS = YES;
				CLANG_WARN_DIRECT_OBJC_ISA_USAGE = YES_ERROR;
				CLANG_WARN_DOCUMENTATION_COMMENTS = YES;
				CLANG_WARN_EMPTY_BODY = YES;
				CLANG_WARN_ENUM_CONVERSION = YES;
				CLANG_WARN_INFINITE_RECURSION = YES;
				CLANG_WARN_INT_CONVERSION = YES;
				CLANG_WARN_NON_LITERAL_NULL_CONVERSION = YES;
				CLANG_WARN_OBJC_IMPLICIT_RETAIN_SELF = YES;
				CLANG_WARN_OBJC_LITERAL_CONVERSION = YES;
				CLANG_WARN_OBJC_ROOT_CLASS = YES_ERROR;
				CLANG_WARN_RANGE_LOOP_ANALYSIS = YES;
				CLANG_WARN_STRICT_PROTOTYPES = YES;
				CLANG_WARN_SUSPICIOUS_MOVE = YES;
				CLANG_WARN_UNGUARDED_AVAILABILITY = YES_AGGRESSIVE;
				CLANG_WARN_UNREACHABLE_CODE = YES;
				CLANG_WARN__DUPLICATE_METHOD_MATCH = YES;
				COPY_PHASE_STRIP = NO;
				DEBUG_INFORMATION_FORMAT = "dwarf-with-dsym";
				ENABLE_NS_ASSERTIONS = NO;
				ENABLE_STRICT_OBJC_MSGSEND = YES;
				GCC_C_LANGUAGE_STANDARD = gnu11;
				GCC_NO_COMMON_BLOCKS = YES;
				GCC_WARN_64_TO_32_BIT_CONVERSION = YES;
				GCC_WARN_ABOUT_RETURN_TYPE = YES_ERROR;
				GCC_WARN_UNDECLARED_SELECTOR = YES;
				GCC_WARN_UNINITIALIZED_AUTOS = YES_AGGRESSIVE;
				GCC_WARN_UNUSED_FUNCTION = YES;
				GCC_WARN_UNUSED_VARIABLE = YES;
				MACOSX_DEPLOYMENT_TARGET = 10.15;
				MTL_ENABLE_DEBUG_INFO = NO;
				MTL_FAST_MATH = YES;
				SDKROOT = macosx;
			};
			name = Release;
		};
		C027DDE624C0136500784498 /* Debug */ = {
			isa = XCBuildConfiguration;
			buildSettings = {
				CODE_SIGN_STYLE = Automatic;
				PRODUCT_NAME = "$(TARGET_NAME)";
			};
			name = Debug;
		};
		C027DDE724C0136500784498 /* Release */ = {
			isa = XCBuildConfiguration;
			buildSettings = {
				CODE_SIGN_STYLE = Automatic;
				PRODUCT_NAME = "$(TARGET_NAME)";
			};
			name = Release;
		};
/* End XCBuildConfiguration section */

/* Begin XCConfigurationList section */
		C027DDD924C0136500784498 /* Build configuration list for PBXProject "MS2" */ = {
			isa = XCConfigurationList;
			buildConfigurations = (
				C027DDE324C0136500784498 /* Debug */,
				C027DDE424C0136500784498 /* Release */,
			);
			defaultConfigurationIsVisible = 0;
			defaultConfigurationName = Release;
		};
		C027DDE524C0136500784498 /* Build configuration list for PBXNativeTarget "MS2" */ = {
			isa = XCConfigurationList;
			buildConfigurations = (
				C027DDE624C0136500784498 /* Debug */,
				C027DDE724C0136500784498 /* Release */,
			);
			defaultConfigurationIsVisible = 0;
			defaultConfigurationName = Release;
		};
/* End XCConfigurationList section */
	};
	rootObject = C027DDD624C0136500784498 /* Project object */;
}
