// !$*UTF8*$!
{
	archiveVersion = 1;
	classes = {
	};
	objectVersion = 50;
	objects = {

/* Begin PBXBuildFile section */
		C0FFEDA424D0DC8800243D72 /* main.cpp in Sources */ = {isa = PBXBuildFile; fileRef = C0FFEDA324D0DC8800243D72 /* main.cpp */; };
		C0FFEDAB24D0DD0B00243D72 /* Displayable.cpp in Sources */ = {isa = PBXBuildFile; fileRef = C0FFEDAA24D0DD0B00243D72 /* Displayable.cpp */; };
		C0FFEDAD24D0DD6A00243D72 /* Employee.cpp in Sources */ = {isa = PBXBuildFile; fileRef = C0FFEDAC24D0DD6A00243D72 /* Employee.cpp */; };
		C0FFEDAF24D0DDC900243D72 /* Student.cpp in Sources */ = {isa = PBXBuildFile; fileRef = C0FFEDAE24D0DDC900243D72 /* Student.cpp */; };
/* End PBXBuildFile section */

/* Begin PBXCopyFilesBuildPhase section */
		C0FFED9E24D0DC8800243D72 /* CopyFiles */ = {
			isa = PBXCopyFilesBuildPhase;
			buildActionMask = 2147483647;
			dstPath = /usr/share/man/man1/;
			dstSubfolderSpec = 0;
			files = (
			);
			runOnlyForDeploymentPostprocessing = 1;
		};
/* End PBXCopyFilesBuildPhase section */

/* Begin PBXFileReference section */
		C0FFEDA024D0DC8800243D72 /* WS9 */ = {isa = PBXFileReference; explicitFileType = "compiled.mach-o.executable"; includeInIndex = 0; path = WS9; sourceTree = BUILT_PRODUCTS_DIR; };
		C0FFEDA324D0DC8800243D72 /* main.cpp */ = {isa = PBXFileReference; lastKnownFileType = sourcecode.cpp.cpp; path = main.cpp; sourceTree = "<group>"; };
		C0FFEDAA24D0DD0B00243D72 /* Displayable.cpp */ = {isa = PBXFileReference; lastKnownFileType = sourcecode.cpp.cpp; path = Displayable.cpp; sourceTree = "<group>"; };
		C0FFEDAC24D0DD6A00243D72 /* Employee.cpp */ = {isa = PBXFileReference; lastKnownFileType = sourcecode.cpp.cpp; path = Employee.cpp; sourceTree = "<group>"; };
		C0FFEDAE24D0DDC900243D72 /* Student.cpp */ = {isa = PBXFileReference; lastKnownFileType = sourcecode.cpp.cpp; path = Student.cpp; sourceTree = "<group>"; };
		C0FFEDB024D0DE2B00243D72 /* Displayable.h */ = {isa = PBXFileReference; lastKnownFileType = sourcecode.c.h; path = Displayable.h; sourceTree = "<group>"; };
		C0FFEDB124D0DE6B00243D72 /* Employee.h */ = {isa = PBXFileReference; lastKnownFileType = sourcecode.c.h; path = Employee.h; sourceTree = "<group>"; };
		C0FFEDB224D0DE9A00243D72 /* Student.h */ = {isa = PBXFileReference; lastKnownFileType = sourcecode.c.h; path = Student.h; sourceTree = "<group>"; };
		C0FFEDB324D0DF0900243D72 /* Validate.h */ = {isa = PBXFileReference; lastKnownFileType = sourcecode.c.h; path = Validate.h; sourceTree = "<group>"; };
/* End PBXFileReference section */

/* Begin PBXFrameworksBuildPhase section */
		C0FFED9D24D0DC8800243D72 /* Frameworks */ = {
			isa = PBXFrameworksBuildPhase;
			buildActionMask = 2147483647;
			files = (
			);
			runOnlyForDeploymentPostprocessing = 0;
		};
/* End PBXFrameworksBuildPhase section */

/* Begin PBXGroup section */
		C0FFED9724D0DC8800243D72 = {
			isa = PBXGroup;
			children = (
				C0FFEDA224D0DC8800243D72 /* WS9 */,
				C0FFEDA124D0DC8800243D72 /* Products */,
			);
			sourceTree = "<group>";
		};
		C0FFEDA124D0DC8800243D72 /* Products */ = {
			isa = PBXGroup;
			children = (
				C0FFEDA024D0DC8800243D72 /* WS9 */,
			);
			name = Products;
			sourceTree = "<group>";
		};
		C0FFEDA224D0DC8800243D72 /* WS9 */ = {
			isa = PBXGroup;
			children = (
				C0FFEDA324D0DC8800243D72 /* main.cpp */,
				C0FFEDAA24D0DD0B00243D72 /* Displayable.cpp */,
				C0FFEDB024D0DE2B00243D72 /* Displayable.h */,
				C0FFEDAC24D0DD6A00243D72 /* Employee.cpp */,
				C0FFEDB124D0DE6B00243D72 /* Employee.h */,
				C0FFEDAE24D0DDC900243D72 /* Student.cpp */,
				C0FFEDB224D0DE9A00243D72 /* Student.h */,
				C0FFEDB324D0DF0900243D72 /* Validate.h */,
			);
			path = WS9;
			sourceTree = "<group>";
		};
/* End PBXGroup section */

/* Begin PBXNativeTarget section */
		C0FFED9F24D0DC8800243D72 /* WS9 */ = {
			isa = PBXNativeTarget;
			buildConfigurationList = C0FFEDA724D0DC8800243D72 /* Build configuration list for PBXNativeTarget "WS9" */;
			buildPhases = (
				C0FFED9C24D0DC8800243D72 /* Sources */,
				C0FFED9D24D0DC8800243D72 /* Frameworks */,
				C0FFED9E24D0DC8800243D72 /* CopyFiles */,
			);
			buildRules = (
			);
			dependencies = (
			);
			name = WS9;
			productName = WS9;
			productReference = C0FFEDA024D0DC8800243D72 /* WS9 */;
			productType = "com.apple.product-type.tool";
		};
/* End PBXNativeTarget section */

/* Begin PBXProject section */
		C0FFED9824D0DC8800243D72 /* Project object */ = {
			isa = PBXProject;
			attributes = {
				LastUpgradeCheck = 1160;
				ORGANIZATIONNAME = "Atif Hammud Ali";
				TargetAttributes = {
					C0FFED9F24D0DC8800243D72 = {
						CreatedOnToolsVersion = 11.6;
					};
				};
			};
			buildConfigurationList = C0FFED9B24D0DC8800243D72 /* Build configuration list for PBXProject "WS9" */;
			compatibilityVersion = "Xcode 9.3";
			developmentRegion = en;
			hasScannedForEncodings = 0;
			knownRegions = (
				en,
				Base,
			);
			mainGroup = C0FFED9724D0DC8800243D72;
			productRefGroup = C0FFEDA124D0DC8800243D72 /* Products */;
			projectDirPath = "";
			projectRoot = "";
			targets = (
				C0FFED9F24D0DC8800243D72 /* WS9 */,
			);
		};
/* End PBXProject section */

/* Begin PBXSourcesBuildPhase section */
		C0FFED9C24D0DC8800243D72 /* Sources */ = {
			isa = PBXSourcesBuildPhase;
			buildActionMask = 2147483647;
			files = (
				C0FFEDAB24D0DD0B00243D72 /* Displayable.cpp in Sources */,
				C0FFEDA424D0DC8800243D72 /* main.cpp in Sources */,
				C0FFEDAD24D0DD6A00243D72 /* Employee.cpp in Sources */,
				C0FFEDAF24D0DDC900243D72 /* Student.cpp in Sources */,
			);
			runOnlyForDeploymentPostprocessing = 0;
		};
/* End PBXSourcesBuildPhase section */

/* Begin XCBuildConfiguration section */
		C0FFEDA524D0DC8800243D72 /* Debug */ = {
			isa = XCBuildConfiguration;
			buildSettings = {
				ALWAYS_SEARCH_USER_PATHS = NO;
				CLANG_ANALYZER_NONNULL = YES;
				CLANG_ANALYZER_NUMBER_OBJECT_CONVERSION = YES_AGGRESSIVE;
				CLANG_CXX_LANGUAGE_STANDARD = "gnu++14";
				CLANG_CXX_LIBRARY = "libc++";
				CLANG_ENABLE_MODULES = YES;
				CLANG_ENABLE_OBJC_ARC = YES;
				CLANG_ENABLE_OBJC_WEAK = YES;
				CLANG_WARN_BLOCK_CAPTURE_AUTORELEASING = YES;
				CLANG_WARN_BOOL_CONVERSION = YES;
				CLANG_WARN_COMMA = YES;
				CLANG_WARN_CONSTANT_CONVERSION = YES;
				CLANG_WARN_DEPRECATED_OBJC_IMPLEMENTATIONS = YES;
				CLANG_WARN_DIRECT_OBJC_ISA_USAGE = YES_ERROR;
				CLANG_WARN_DOCUMENTATION_COMMENTS = YES;
				CLANG_WARN_EMPTY_BODY = YES;
				CLANG_WARN_ENUM_CONVERSION = YES;
				CLANG_WARN_INFINITE_RECURSION = YES;
				CLANG_WARN_INT_CONVERSION = YES;
				CLANG_WARN_NON_LITERAL_NULL_CONVERSION = YES;
				CLANG_WARN_OBJC_IMPLICIT_RETAIN_SELF = YES;
				CLANG_WARN_OBJC_LITERAL_CONVERSION = YES;
				CLANG_WARN_OBJC_ROOT_CLASS = YES_ERROR;
				CLANG_WARN_RANGE_LOOP_ANALYSIS = YES;
				CLANG_WARN_STRICT_PROTOTYPES = YES;
				CLANG_WARN_SUSPICIOUS_MOVE = YES;
				CLANG_WARN_UNGUARDED_AVAILABILITY = YES_AGGRESSIVE;
				CLANG_WARN_UNREACHABLE_CODE = YES;
				CLANG_WARN__DUPLICATE_METHOD_MATCH = YES;
				COPY_PHASE_STRIP = NO;
				DEBUG_INFORMATION_FORMAT = dwarf;
				ENABLE_STRICT_OBJC_MSGSEND = YES;
				ENABLE_TESTABILITY = YES;
				GCC_C_LANGUAGE_STANDARD = gnu11;
				GCC_DYNAMIC_NO_PIC = NO;
				GCC_NO_COMMON_BLOCKS = YES;
				GCC_OPTIMIZATION_LEVEL = 0;
				GCC_PREPROCESSOR_DEFINITIONS = (
					"DEBUG=1",
					"$(inherited)",
				);
				GCC_WARN_64_TO_32_BIT_CONVERSION = YES;
				GCC_WARN_ABOUT_RETURN_TYPE = YES_ERROR;
				GCC_WARN_UNDECLARED_SELECTOR = YES;
				GCC_WARN_UNINITIALIZED_AUTOS = YES_AGGRESSIVE;
				GCC_WARN_UNUSED_FUNCTION = YES;
				GCC_WARN_UNUSED_VARIABLE = YES;
				MACOSX_DEPLOYMENT_TARGET = 10.15;
				MTL_ENABLE_DEBUG_INFO = INCLUDE_SOURCE;
				MTL_FAST_MATH = YES;
				ONLY_ACTIVE_ARCH = YES;
				SDKROOT = macosx;
			};
			name = Debug;
		};
		C0FFEDA624D0DC8800243D72 /* Release */ = {
			isa = XCBuildConfiguration;
			buildSettings = {
				ALWAYS_SEARCH_USER_PATHS = NO;
				CLANG_ANALYZER_NONNULL = YES;
				CLANG_ANALYZER_NUMBER_OBJECT_CONVERSION = YES_AGGRESSIVE;
				CLANG_CXX_LANGUAGE_STANDARD = "gnu++14";
				CLANG_CXX_LIBRARY = "libc++";
				CLANG_ENABLE_MODULES = YES;
				CLANG_ENABLE_OBJC_ARC = YES;
				CLANG_ENABLE_OBJC_WEAK = YES;
				CLANG_WARN_BLOCK_CAPTURE_AUTORELEASING = YES;
				CLANG_WARN_BOOL_CONVERSION = YES;
				CLANG_WARN_COMMA = YES;
				CLANG_WARN_CONSTANT_CONVERSION = YES;
				CLANG_WARN_DEPRECATED_OBJC_IMPLEMENTATIONS = YES;
				CLANG_WARN_DIRECT_OBJC_ISA_USAGE = YES_ERROR;
				CLANG_WARN_DOCUMENTATION_COMMENTS = YES;
				CLANG_WARN_EMPTY_BODY = YES;
				CLANG_WARN_ENUM_CONVERSION = YES;
				CLANG_WARN_INFINITE_RECURSION = YES;
				CLANG_WARN_INT_CONVERSION = YES;
				CLANG_WARN_NON_LITERAL_NULL_CONVERSION = YES;
				CLANG_WARN_OBJC_IMPLICIT_RETAIN_SELF = YES;
				CLANG_WARN_OBJC_LITERAL_CONVERSION = YES;
				CLANG_WARN_OBJC_ROOT_CLASS = YES_ERROR;
				CLANG_WARN_RANGE_LOOP_ANALYSIS = YES;
				CLANG_WARN_STRICT_PROTOTYPES = YES;
				CLANG_WARN_SUSPICIOUS_MOVE = YES;
				CLANG_WARN_UNGUARDED_AVAILABILITY = YES_AGGRESSIVE;
				CLANG_WARN_UNREACHABLE_CODE = YES;
				CLANG_WARN__DUPLICATE_METHOD_MATCH = YES;
				COPY_PHASE_STRIP = NO;
				DEBUG_INFORMATION_FORMAT = "dwarf-with-dsym";
				ENABLE_NS_ASSERTIONS = NO;
				ENABLE_STRICT_OBJC_MSGSEND = YES;
				GCC_C_LANGUAGE_STANDARD = gnu11;
				GCC_NO_COMMON_BLOCKS = YES;
				GCC_WARN_64_TO_32_BIT_CONVERSION = YES;
				GCC_WARN_ABOUT_RETURN_TYPE = YES_ERROR;
				GCC_WARN_UNDECLARED_SELECTOR = YES;
				GCC_WARN_UNINITIALIZED_AUTOS = YES_AGGRESSIVE;
				GCC_WARN_UNUSED_FUNCTION = YES;
				GCC_WARN_UNUSED_VARIABLE = YES;
				MACOSX_DEPLOYMENT_TARGET = 10.15;
				MTL_ENABLE_DEBUG_INFO = NO;
				MTL_FAST_MATH = YES;
				SDKROOT = macosx;
			};
			name = Release;
		};
		C0FFEDA824D0DC8800243D72 /* Debug */ = {
			isa = XCBuildConfiguration;
			buildSettings = {
				CODE_SIGN_STYLE = Automatic;
				PRODUCT_NAME = "$(TARGET_NAME)";
			};
			name = Debug;
		};
		C0FFEDA924D0DC8800243D72 /* Release */ = {
			isa = XCBuildConfiguration;
			buildSettings = {
				CODE_SIGN_STYLE = Automatic;
				PRODUCT_NAME = "$(TARGET_NAME)";
			};
			name = Release;
		};
/* End XCBuildConfiguration section */

/* Begin XCConfigurationList section */
		C0FFED9B24D0DC8800243D72 /* Build configuration list for PBXProject "WS9" */ = {
			isa = XCConfigurationList;
			buildConfigurations = (
				C0FFEDA524D0DC8800243D72 /* Debug */,
				C0FFEDA624D0DC8800243D72 /* Release */,
			);
			defaultConfigurationIsVisible = 0;
			defaultConfigurationName = Release;
		};
		C0FFEDA724D0DC8800243D72 /* Build configuration list for PBXNativeTarget "WS9" */ = {
			isa = XCConfigurationList;
			buildConfigurations = (
				C0FFEDA824D0DC8800243D72 /* Debug */,
				C0FFEDA924D0DC8800243D72 /* Release */,
			);
			defaultConfigurationIsVisible = 0;
			defaultConfigurationName = Release;
		};
/* End XCConfigurationList section */
	};
	rootObject = C0FFED9824D0DC8800243D72 /* Project object */;
}
