// !$*UTF8*$!
{
	archiveVersion = 1;
	classes = {
	};
	objectVersion = 50;
	objects = {

/* Begin PBXBuildFile section */
		C0D561FE24C6A03B005EA493 /* ms4_VehicleTester.cpp in Sources */ = {isa = PBXBuildFile; fileRef = C0D561FD24C6A03B005EA493 /* ms4_VehicleTester.cpp */; };
		C0D5620124C6A2A9005EA493 /* ReadWritable.cpp in Sources */ = {isa = PBXBuildFile; fileRef = C0D5620024C6A2A9005EA493 /* ReadWritable.cpp */; };
		C0D5620324C6A350005EA493 /* Vehicle.cpp in Sources */ = {isa = PBXBuildFile; fileRef = C0D5620224C6A350005EA493 /* Vehicle.cpp */; };
		C0D5620724C6AD89005EA493 /* Utils.cpp in Sources */ = {isa = PBXBuildFile; fileRef = C0D5620624C6AD89005EA493 /* Utils.cpp */; };
/* End PBXBuildFile section */

/* Begin PBXCopyFilesBuildPhase section */
		C0D561F124C69F63005EA493 /* CopyFiles */ = {
			isa = PBXCopyFilesBuildPhase;
			buildActionMask = 2147483647;
			dstPath = /usr/share/man/man1/;
			dstSubfolderSpec = 0;
			files = (
			);
			runOnlyForDeploymentPostprocessing = 1;
		};
/* End PBXCopyFilesBuildPhase section */

/* Begin PBXFileReference section */
		C0D561F324C69F63005EA493 /* MS4 */ = {isa = PBXFileReference; explicitFileType = "compiled.mach-o.executable"; includeInIndex = 0; path = MS4; sourceTree = BUILT_PRODUCTS_DIR; };
		C0D561FD24C6A03B005EA493 /* ms4_VehicleTester.cpp */ = {isa = PBXFileReference; lastKnownFileType = sourcecode.cpp.cpp; path = ms4_VehicleTester.cpp; sourceTree = "<group>"; };
		C0D561FF24C6A1C6005EA493 /* ReadWritable.h */ = {isa = PBXFileReference; lastKnownFileType = sourcecode.c.h; path = ReadWritable.h; sourceTree = "<group>"; };
		C0D5620024C6A2A9005EA493 /* ReadWritable.cpp */ = {isa = PBXFileReference; lastKnownFileType = sourcecode.cpp.cpp; path = ReadWritable.cpp; sourceTree = "<group>"; };
		C0D5620224C6A350005EA493 /* Vehicle.cpp */ = {isa = PBXFileReference; lastKnownFileType = sourcecode.cpp.cpp; path = Vehicle.cpp; sourceTree = "<group>"; };
		C0D5620424C6A365005EA493 /* Vehicle.h */ = {isa = PBXFileReference; lastKnownFileType = sourcecode.c.h; path = Vehicle.h; sourceTree = "<group>"; };
		C0D5620524C6ACEA005EA493 /* Utils.h */ = {isa = PBXFileReference; lastKnownFileType = sourcecode.c.h; path = Utils.h; sourceTree = "<group>"; };
		C0D5620624C6AD89005EA493 /* Utils.cpp */ = {isa = PBXFileReference; lastKnownFileType = sourcecode.cpp.cpp; path = Utils.cpp; sourceTree = "<group>"; };
/* End PBXFileReference section */

/* Begin PBXFrameworksBuildPhase section */
		C0D561F024C69F63005EA493 /* Frameworks */ = {
			isa = PBXFrameworksBuildPhase;
			buildActionMask = 2147483647;
			files = (
			);
			runOnlyForDeploymentPostprocessing = 0;
		};
/* End PBXFrameworksBuildPhase section */

/* Begin PBXGroup section */
		C0D561EA24C69F63005EA493 = {
			isa = PBXGroup;
			children = (
				C0D561F524C69F63005EA493 /* MS4 */,
				C0D561F424C69F63005EA493 /* Products */,
			);
			sourceTree = "<group>";
		};
		C0D561F424C69F63005EA493 /* Products */ = {
			isa = PBXGroup;
			children = (
				C0D561F324C69F63005EA493 /* MS4 */,
			);
			name = Products;
			sourceTree = "<group>";
		};
		C0D561F524C69F63005EA493 /* MS4 */ = {
			isa = PBXGroup;
			children = (
				C0D561FD24C6A03B005EA493 /* ms4_VehicleTester.cpp */,
				C0D561FF24C6A1C6005EA493 /* ReadWritable.h */,
				C0D5620024C6A2A9005EA493 /* ReadWritable.cpp */,
				C0D5620224C6A350005EA493 /* Vehicle.cpp */,
				C0D5620424C6A365005EA493 /* Vehicle.h */,
				C0D5620524C6ACEA005EA493 /* Utils.h */,
				C0D5620624C6AD89005EA493 /* Utils.cpp */,
			);
			path = MS4;
			sourceTree = "<group>";
		};
/* End PBXGroup section */

/* Begin PBXNativeTarget section */
		C0D561F224C69F63005EA493 /* MS4 */ = {
			isa = PBXNativeTarget;
			buildConfigurationList = C0D561FA24C69F63005EA493 /* Build configuration list for PBXNativeTarget "MS4" */;
			buildPhases = (
				C0D561EF24C69F63005EA493 /* Sources */,
				C0D561F024C69F63005EA493 /* Frameworks */,
				C0D561F124C69F63005EA493 /* CopyFiles */,
			);
			buildRules = (
			);
			dependencies = (
			);
			name = MS4;
			productName = MS4;
			productReference = C0D561F324C69F63005EA493 /* MS4 */;
			productType = "com.apple.product-type.tool";
		};
/* End PBXNativeTarget section */

/* Begin PBXProject section */
		C0D561EB24C69F63005EA493 /* Project object */ = {
			isa = PBXProject;
			attributes = {
				LastUpgradeCheck = 1160;
				ORGANIZATIONNAME = "Atif Hammud Ali";
				TargetAttributes = {
					C0D561F224C69F63005EA493 = {
						CreatedOnToolsVersion = 11.6;
					};
				};
			};
			buildConfigurationList = C0D561EE24C69F63005EA493 /* Build configuration list for PBXProject "MS4" */;
			compatibilityVersion = "Xcode 9.3";
			developmentRegion = en;
			hasScannedForEncodings = 0;
			knownRegions = (
				en,
				Base,
			);
			mainGroup = C0D561EA24C69F63005EA493;
			productRefGroup = C0D561F424C69F63005EA493 /* Products */;
			projectDirPath = "";
			projectRoot = "";
			targets = (
				C0D561F224C69F63005EA493 /* MS4 */,
			);
		};
/* End PBXProject section */

/* Begin PBXSourcesBuildPhase section */
		C0D561EF24C69F63005EA493 /* Sources */ = {
			isa = PBXSourcesBuildPhase;
			buildActionMask = 2147483647;
			files = (
				C0D561FE24C6A03B005EA493 /* ms4_VehicleTester.cpp in Sources */,
				C0D5620324C6A350005EA493 /* Vehicle.cpp in Sources */,
				C0D5620124C6A2A9005EA493 /* ReadWritable.cpp in Sources */,
				C0D5620724C6AD89005EA493 /* Utils.cpp in Sources */,
			);
			runOnlyForDeploymentPostprocessing = 0;
		};
/* End PBXSourcesBuildPhase section */

/* Begin XCBuildConfiguration section */
		C0D561F824C69F63005EA493 /* Debug */ = {
			isa = XCBuildConfiguration;
			buildSettings = {
				ALWAYS_SEARCH_USER_PATHS = NO;
				CLANG_ANALYZER_NONNULL = YES;
				CLANG_ANALYZER_NUMBER_OBJECT_CONVERSION = YES_AGGRESSIVE;
				CLANG_CXX_LANGUAGE_STANDARD = "gnu++14";
				CLANG_CXX_LIBRARY = "libc++";
				CLANG_ENABLE_MODULES = YES;
				CLANG_ENABLE_OBJC_ARC = YES;
				CLANG_ENABLE_OBJC_WEAK = YES;
				CLANG_WARN_BLOCK_CAPTURE_AUTORELEASING = YES;
				CLANG_WARN_BOOL_CONVERSION = YES;
				CLANG_WARN_COMMA = YES;
				CLANG_WARN_CONSTANT_CONVERSION = YES;
				CLANG_WARN_DEPRECATED_OBJC_IMPLEMENTATIONS = YES;
				CLANG_WARN_DIRECT_OBJC_ISA_USAGE = YES_ERROR;
				CLANG_WARN_DOCUMENTATION_COMMENTS = YES;
				CLANG_WARN_EMPTY_BODY = YES;
				CLANG_WARN_ENUM_CONVERSION = YES;
				CLANG_WARN_INFINITE_RECURSION = YES;
				CLANG_WARN_INT_CONVERSION = YES;
				CLANG_WARN_NON_LITERAL_NULL_CONVERSION = YES;
				CLANG_WARN_OBJC_IMPLICIT_RETAIN_SELF = YES;
				CLANG_WARN_OBJC_LITERAL_CONVERSION = YES;
				CLANG_WARN_OBJC_ROOT_CLASS = YES_ERROR;
				CLANG_WARN_RANGE_LOOP_ANALYSIS = YES;
				CLANG_WARN_STRICT_PROTOTYPES = YES;
				CLANG_WARN_SUSPICIOUS_MOVE = YES;
				CLANG_WARN_UNGUARDED_AVAILABILITY = YES_AGGRESSIVE;
				CLANG_WARN_UNREACHABLE_CODE = YES;
				CLANG_WARN__DUPLICATE_METHOD_MATCH = YES;
				COPY_PHASE_STRIP = NO;
				DEBUG_INFORMATION_FORMAT = dwarf;
				ENABLE_STRICT_OBJC_MSGSEND = YES;
				ENABLE_TESTABILITY = YES;
				GCC_C_LANGUAGE_STANDARD = gnu11;
				GCC_DYNAMIC_NO_PIC = NO;
				GCC_NO_COMMON_BLOCKS = YES;
				GCC_OPTIMIZATION_LEVEL = 0;
				GCC_PREPROCESSOR_DEFINITIONS = (
					"DEBUG=1",
					"$(inherited)",
				);
				GCC_WARN_64_TO_32_BIT_CONVERSION = YES;
				GCC_WARN_ABOUT_RETURN_TYPE = YES_ERROR;
				GCC_WARN_UNDECLARED_SELECTOR = YES;
				GCC_WARN_UNINITIALIZED_AUTOS = YES_AGGRESSIVE;
				GCC_WARN_UNUSED_FUNCTION = YES;
				GCC_WARN_UNUSED_VARIABLE = YES;
				MACOSX_DEPLOYMENT_TARGET = 10.15;
				MTL_ENABLE_DEBUG_INFO = INCLUDE_SOURCE;
				MTL_FAST_MATH = YES;
				ONLY_ACTIVE_ARCH = YES;
				SDKROOT = macosx;
			};
			name = Debug;
		};
		C0D561F924C69F63005EA493 /* Release */ = {
			isa = XCBuildConfiguration;
			buildSettings = {
				ALWAYS_SEARCH_USER_PATHS = NO;
				CLANG_ANALYZER_NONNULL = YES;
				CLANG_ANALYZER_NUMBER_OBJECT_CONVERSION = YES_AGGRESSIVE;
				CLANG_CXX_LANGUAGE_STANDARD = "gnu++14";
				CLANG_CXX_LIBRARY = "libc++";
				CLANG_ENABLE_MODULES = YES;
				CLANG_ENABLE_OBJC_ARC = YES;
				CLANG_ENABLE_OBJC_WEAK = YES;
				CLANG_WARN_BLOCK_CAPTURE_AUTORELEASING = YES;
				CLANG_WARN_BOOL_CONVERSION = YES;
				CLANG_WARN_COMMA = YES;
				CLANG_WARN_CONSTANT_CONVERSION = YES;
				CLANG_WARN_DEPRECATED_OBJC_IMPLEMENTATIONS = YES;
				CLANG_WARN_DIRECT_OBJC_ISA_USAGE = YES_ERROR;
				CLANG_WARN_DOCUMENTATION_COMMENTS = YES;
				CLANG_WARN_EMPTY_BODY = YES;
				CLANG_WARN_ENUM_CONVERSION = YES;
				CLANG_WARN_INFINITE_RECURSION = YES;
				CLANG_WARN_INT_CONVERSION = YES;
				CLANG_WARN_NON_LITERAL_NULL_CONVERSION = YES;
				CLANG_WARN_OBJC_IMPLICIT_RETAIN_SELF = YES;
				CLANG_WARN_OBJC_LITERAL_CONVERSION = YES;
				CLANG_WARN_OBJC_ROOT_CLASS = YES_ERROR;
				CLANG_WARN_RANGE_LOOP_ANALYSIS = YES;
				CLANG_WARN_STRICT_PROTOTYPES = YES;
				CLANG_WARN_SUSPICIOUS_MOVE = YES;
				CLANG_WARN_UNGUARDED_AVAILABILITY = YES_AGGRESSIVE;
				CLANG_WARN_UNREACHABLE_CODE = YES;
				CLANG_WARN__DUPLICATE_METHOD_MATCH = YES;
				COPY_PHASE_STRIP = NO;
				DEBUG_INFORMATION_FORMAT = "dwarf-with-dsym";
				ENABLE_NS_ASSERTIONS = NO;
				ENABLE_STRICT_OBJC_MSGSEND = YES;
				GCC_C_LANGUAGE_STANDARD = gnu11;
				GCC_NO_COMMON_BLOCKS = YES;
				GCC_WARN_64_TO_32_BIT_CONVERSION = YES;
				GCC_WARN_ABOUT_RETURN_TYPE = YES_ERROR;
				GCC_WARN_UNDECLARED_SELECTOR = YES;
				GCC_WARN_UNINITIALIZED_AUTOS = YES_AGGRESSIVE;
				GCC_WARN_UNUSED_FUNCTION = YES;
				GCC_WARN_UNUSED_VARIABLE = YES;
				MACOSX_DEPLOYMENT_TARGET = 10.15;
				MTL_ENABLE_DEBUG_INFO = NO;
				MTL_FAST_MATH = YES;
				SDKROOT = macosx;
			};
			name = Release;
		};
		C0D561FB24C69F63005EA493 /* Debug */ = {
			isa = XCBuildConfiguration;
			buildSettings = {
				CODE_SIGN_STYLE = Automatic;
				PRODUCT_NAME = "$(TARGET_NAME)";
			};
			name = Debug;
		};
		C0D561FC24C69F63005EA493 /* Release */ = {
			isa = XCBuildConfiguration;
			buildSettings = {
				CODE_SIGN_STYLE = Automatic;
				PRODUCT_NAME = "$(TARGET_NAME)";
			};
			name = Release;
		};
/* End XCBuildConfiguration section */

/* Begin XCConfigurationList section */
		C0D561EE24C69F63005EA493 /* Build configuration list for PBXProject "MS4" */ = {
			isa = XCConfigurationList;
			buildConfigurations = (
				C0D561F824C69F63005EA493 /* Debug */,
				C0D561F924C69F63005EA493 /* Release */,
			);
			defaultConfigurationIsVisible = 0;
			defaultConfigurationName = Release;
		};
		C0D561FA24C69F63005EA493 /* Build configuration list for PBXNativeTarget "MS4" */ = {
			isa = XCConfigurationList;
			buildConfigurations = (
				C0D561FB24C69F63005EA493 /* Debug */,
				C0D561FC24C69F63005EA493 /* Release */,
			);
			defaultConfigurationIsVisible = 0;
			defaultConfigurationName = Release;
		};
/* End XCConfigurationList section */
	};
	rootObject = C0D561EB24C69F63005EA493 /* Project object */;
}
